
Microsoft Visual Studio Solution File, Format Version 12.00
# Visual Studio 15
VisualStudioVersion = 15.0.27004.2002
MinimumVisualStudioVersion = 10.0.40219.1
Project("{FAE04EC0-301F-11D3-BF4B-00C04F79EFBC}") = "Athleticum.Android", "Athleticum\Athleticum.Android\Athleticum.Android.csproj", "{A940CC84-5CA2-4F8A-BD46-FE5ADE03502B}"
EndProject
Project("{FAE04EC0-301F-11D3-BF4B-00C04F79EFBC}") = "Athleticum.iOS", "Athleticum\Athleticum.iOS\Athleticum.iOS.csproj", "{24F8934A-F440-4CD7-853D-94F5E4D144CD}"
EndProject
Project("{2150E333-8FDC-42A3-9474-1A3956D46DE8}") = "2. Application", "2. Application", "{629D684D-CC1F-436A-A1D3-BD70AD19A91B}"
EndProject
Project("{2150E333-8FDC-42A3-9474-1A3956D46DE8}") = "1. Common", "1. Common", "{179904DE-3476-4083-84BE-CC12C52B0928}"
EndProject
Project("{2150E333-8FDC-42A3-9474-1A3956D46DE8}") = "3. Business Objects", "3. Business Objects", "{5AE33BE5-9653-4216-BAB7-C848EEB065D3}"
EndProject
Project("{2150E333-8FDC-42A3-9474-1A3956D46DE8}") = "4. API Access", "4. API Access", "{6F7539B3-37DF-4D83-93B0-F1581F06E368}"
EndProject
Project("{9A19103F-16F7-4668-BE54-9A1E7A4F7556}") = "Athleticum.DataTransferObjects", "Athleticum.DataTransferObjects\Athleticum.DataTransferObjects.csproj", "{4307E3B4-5841-43CA-828A-25FE05B4A37C}"
EndProject
Project("{2150E333-8FDC-42A3-9474-1A3956D46DE8}") = "2.1 Features", "2.1 Features", "{866F391C-90DF-4E61-9945-56E660C276CE}"
EndProject
Project("{2150E333-8FDC-42A3-9474-1A3956D46DE8}") = "2.2 Models", "2.2 Models", "{075CF78D-124E-4738-BDD8-6BC727BF74A1}"
EndProject
Project("{9A19103F-16F7-4668-BE54-9A1E7A4F7556}") = "Athleticum.ServiceAgents", "Athleticum.ServiceAgents\Athleticum.ServiceAgents.csproj", "{FD501A21-0C28-4A87-A5AA-675155F7EB67}"
EndProject
Project("{2150E333-8FDC-42A3-9474-1A3956D46DE8}") = "0. Github", "0. Github", "{34DAC7BB-0271-41EC-A27D-47000F550D79}"
	ProjectSection(SolutionItems) = preProject
		.gitignore = .gitignore
		LISCENCE.md = LISCENCE.md
		README.md = README.md
	EndProjectSection
EndProject
Project("{9A19103F-16F7-4668-BE54-9A1E7A4F7556}") = "Athleticum.Common.Operations", "Athleticum.Operations\Athleticum.Common.Operations.csproj", "{A7B2C5D4-C39D-4861-88A8-DD9D6AF3CA13}"
EndProject
Project("{9A19103F-16F7-4668-BE54-9A1E7A4F7556}") = "Athleticum.Common.Helpers", "Athleticum.Common.Helpers\Athleticum.Common.Helpers.csproj", "{CC2D61C7-FFBE-4FBB-BC0F-320DF1392073}"
EndProject
Project("{9A19103F-16F7-4668-BE54-9A1E7A4F7556}") = "Athleticum.BusinessLogics", "Athleticum.BusinessLogics\Athleticum.BusinessLogics.csproj", "{A411387C-7FA6-412E-BD8E-AC9AFA61B495}"
EndProject
Project("{9A19103F-16F7-4668-BE54-9A1E7A4F7556}") = "Athleticum", "Athleticum\Athleticum\Athleticum.csproj", "{ECF91FAC-D016-4389-872A-5F923B901532}"
EndProject
Project("{9A19103F-16F7-4668-BE54-9A1E7A4F7556}") = "Athleticum.ObjectModels", "Athleticum.ObjectModels\Athleticum.ObjectModels.csproj", "{4E7225B2-160C-4CCA-BED4-D7D33CD1C8F3}"
EndProject
Project("{9A19103F-16F7-4668-BE54-9A1E7A4F7556}") = "Athleticum.Common.XamarinCommon", "Athleticum.Common.XamarinCommon\Athleticum.Common.XamarinCommon.csproj", "{DA7C8271-113A-41AB-9BBF-2313012F3AE0}"
EndProject
Global
	GlobalSection(SolutionConfigurationPlatforms) = preSolution
		Ad-Hoc|Any CPU = Ad-Hoc|Any CPU
		Ad-Hoc|ARM = Ad-Hoc|ARM
		Ad-Hoc|iPhone = Ad-Hoc|iPhone
		Ad-Hoc|iPhoneSimulator = Ad-Hoc|iPhoneSimulator
		Ad-Hoc|x64 = Ad-Hoc|x64
		Ad-Hoc|x86 = Ad-Hoc|x86
		AppStore|Any CPU = AppStore|Any CPU
		AppStore|ARM = AppStore|ARM
		AppStore|iPhone = AppStore|iPhone
		AppStore|iPhoneSimulator = AppStore|iPhoneSimulator
		AppStore|x64 = AppStore|x64
		AppStore|x86 = AppStore|x86
		Debug|Any CPU = Debug|Any CPU
		Debug|ARM = Debug|ARM
		Debug|iPhone = Debug|iPhone
		Debug|iPhoneSimulator = Debug|iPhoneSimulator
		Debug|x64 = Debug|x64
		Debug|x86 = Debug|x86
		Release|Any CPU = Release|Any CPU
		Release|ARM = Release|ARM
		Release|iPhone = Release|iPhone
		Release|iPhoneSimulator = Release|iPhoneSimulator
		Release|x64 = Release|x64
		Release|x86 = Release|x86
	EndGlobalSection
	GlobalSection(ProjectConfigurationPlatforms) = postSolution
		{A940CC84-5CA2-4F8A-BD46-FE5ADE03502B}.Ad-Hoc|Any CPU.ActiveCfg = Release|Any CPU
		{A940CC84-5CA2-4F8A-BD46-FE5ADE03502B}.Ad-Hoc|Any CPU.Build.0 = Release|Any CPU
		{A940CC84-5CA2-4F8A-BD46-FE5ADE03502B}.Ad-Hoc|Any CPU.Deploy.0 = Release|Any CPU
		{A940CC84-5CA2-4F8A-BD46-FE5ADE03502B}.Ad-Hoc|ARM.ActiveCfg = Release|Any CPU
		{A940CC84-5CA2-4F8A-BD46-FE5ADE03502B}.Ad-Hoc|ARM.Build.0 = Release|Any CPU
		{A940CC84-5CA2-4F8A-BD46-FE5ADE03502B}.Ad-Hoc|ARM.Deploy.0 = Release|Any CPU
		{A940CC84-5CA2-4F8A-BD46-FE5ADE03502B}.Ad-Hoc|iPhone.ActiveCfg = Release|Any CPU
		{A940CC84-5CA2-4F8A-BD46-FE5ADE03502B}.Ad-Hoc|iPhone.Build.0 = Release|Any CPU
		{A940CC84-5CA2-4F8A-BD46-FE5ADE03502B}.Ad-Hoc|iPhone.Deploy.0 = Release|Any CPU
		{A940CC84-5CA2-4F8A-BD46-FE5ADE03502B}.Ad-Hoc|iPhoneSimulator.ActiveCfg = Release|Any CPU
		{A940CC84-5CA2-4F8A-BD46-FE5ADE03502B}.Ad-Hoc|iPhoneSimulator.Build.0 = Release|Any CPU
		{A940CC84-5CA2-4F8A-BD46-FE5ADE03502B}.Ad-Hoc|iPhoneSimulator.Deploy.0 = Release|Any CPU
		{A940CC84-5CA2-4F8A-BD46-FE5ADE03502B}.Ad-Hoc|x64.ActiveCfg = Release|Any CPU
		{A940CC84-5CA2-4F8A-BD46-FE5ADE03502B}.Ad-Hoc|x64.Build.0 = Release|Any CPU
		{A940CC84-5CA2-4F8A-BD46-FE5ADE03502B}.Ad-Hoc|x64.Deploy.0 = Release|Any CPU
		{A940CC84-5CA2-4F8A-BD46-FE5ADE03502B}.Ad-Hoc|x86.ActiveCfg = Release|Any CPU
		{A940CC84-5CA2-4F8A-BD46-FE5ADE03502B}.Ad-Hoc|x86.Build.0 = Release|Any CPU
		{A940CC84-5CA2-4F8A-BD46-FE5ADE03502B}.Ad-Hoc|x86.Deploy.0 = Release|Any CPU
		{A940CC84-5CA2-4F8A-BD46-FE5ADE03502B}.AppStore|Any CPU.ActiveCfg = Release|Any CPU
		{A940CC84-5CA2-4F8A-BD46-FE5ADE03502B}.AppStore|Any CPU.Build.0 = Release|Any CPU
		{A940CC84-5CA2-4F8A-BD46-FE5ADE03502B}.AppStore|Any CPU.Deploy.0 = Release|Any CPU
		{A940CC84-5CA2-4F8A-BD46-FE5ADE03502B}.AppStore|ARM.ActiveCfg = Release|Any CPU
		{A940CC84-5CA2-4F8A-BD46-FE5ADE03502B}.AppStore|ARM.Build.0 = Release|Any CPU
		{A940CC84-5CA2-4F8A-BD46-FE5ADE03502B}.AppStore|ARM.Deploy.0 = Release|Any CPU
		{A940CC84-5CA2-4F8A-BD46-FE5ADE03502B}.AppStore|iPhone.ActiveCfg = Release|Any CPU
		{A940CC84-5CA2-4F8A-BD46-FE5ADE03502B}.AppStore|iPhone.Build.0 = Release|Any CPU
		{A940CC84-5CA2-4F8A-BD46-FE5ADE03502B}.AppStore|iPhone.Deploy.0 = Release|Any CPU
		{A940CC84-5CA2-4F8A-BD46-FE5ADE03502B}.AppStore|iPhoneSimulator.ActiveCfg = Release|Any CPU
		{A940CC84-5CA2-4F8A-BD46-FE5ADE03502B}.AppStore|iPhoneSimulator.Build.0 = Release|Any CPU
		{A940CC84-5CA2-4F8A-BD46-FE5ADE03502B}.AppStore|iPhoneSimulator.Deploy.0 = Release|Any CPU
		{A940CC84-5CA2-4F8A-BD46-FE5ADE03502B}.AppStore|x64.ActiveCfg = Release|Any CPU
		{A940CC84-5CA2-4F8A-BD46-FE5ADE03502B}.AppStore|x64.Build.0 = Release|Any CPU
		{A940CC84-5CA2-4F8A-BD46-FE5ADE03502B}.AppStore|x64.Deploy.0 = Release|Any CPU
		{A940CC84-5CA2-4F8A-BD46-FE5ADE03502B}.AppStore|x86.ActiveCfg = Release|Any CPU
		{A940CC84-5CA2-4F8A-BD46-FE5ADE03502B}.AppStore|x86.Build.0 = Release|Any CPU
		{A940CC84-5CA2-4F8A-BD46-FE5ADE03502B}.AppStore|x86.Deploy.0 = Release|Any CPU
		{A940CC84-5CA2-4F8A-BD46-FE5ADE03502B}.Debug|Any CPU.ActiveCfg = Debug|Any CPU
		{A940CC84-5CA2-4F8A-BD46-FE5ADE03502B}.Debug|Any CPU.Build.0 = Debug|Any CPU
		{A940CC84-5CA2-4F8A-BD46-FE5ADE03502B}.Debug|Any CPU.Deploy.0 = Debug|Any CPU
		{A940CC84-5CA2-4F8A-BD46-FE5ADE03502B}.Debug|ARM.ActiveCfg = Debug|Any CPU
		{A940CC84-5CA2-4F8A-BD46-FE5ADE03502B}.Debug|ARM.Build.0 = Debug|Any CPU
		{A940CC84-5CA2-4F8A-BD46-FE5ADE03502B}.Debug|ARM.Deploy.0 = Debug|Any CPU
		{A940CC84-5CA2-4F8A-BD46-FE5ADE03502B}.Debug|iPhone.ActiveCfg = Debug|Any CPU
		{A940CC84-5CA2-4F8A-BD46-FE5ADE03502B}.Debug|iPhone.Build.0 = Debug|Any CPU
		{A940CC84-5CA2-4F8A-BD46-FE5ADE03502B}.Debug|iPhone.Deploy.0 = Debug|Any CPU
		{A940CC84-5CA2-4F8A-BD46-FE5ADE03502B}.Debug|iPhoneSimulator.ActiveCfg = Debug|Any CPU
		{A940CC84-5CA2-4F8A-BD46-FE5ADE03502B}.Debug|iPhoneSimulator.Build.0 = Debug|Any CPU
		{A940CC84-5CA2-4F8A-BD46-FE5ADE03502B}.Debug|iPhoneSimulator.Deploy.0 = Debug|Any CPU
		{A940CC84-5CA2-4F8A-BD46-FE5ADE03502B}.Debug|x64.ActiveCfg = Debug|Any CPU
		{A940CC84-5CA2-4F8A-BD46-FE5ADE03502B}.Debug|x64.Build.0 = Debug|Any CPU
		{A940CC84-5CA2-4F8A-BD46-FE5ADE03502B}.Debug|x64.Deploy.0 = Debug|Any CPU
		{A940CC84-5CA2-4F8A-BD46-FE5ADE03502B}.Debug|x86.ActiveCfg = Debug|Any CPU
		{A940CC84-5CA2-4F8A-BD46-FE5ADE03502B}.Debug|x86.Build.0 = Debug|Any CPU
		{A940CC84-5CA2-4F8A-BD46-FE5ADE03502B}.Debug|x86.Deploy.0 = Debug|Any CPU
		{A940CC84-5CA2-4F8A-BD46-FE5ADE03502B}.Release|Any CPU.ActiveCfg = Release|Any CPU
		{A940CC84-5CA2-4F8A-BD46-FE5ADE03502B}.Release|Any CPU.Build.0 = Release|Any CPU
		{A940CC84-5CA2-4F8A-BD46-FE5ADE03502B}.Release|Any CPU.Deploy.0 = Release|Any CPU
		{A940CC84-5CA2-4F8A-BD46-FE5ADE03502B}.Release|ARM.ActiveCfg = Release|Any CPU
		{A940CC84-5CA2-4F8A-BD46-FE5ADE03502B}.Release|ARM.Build.0 = Release|Any CPU
		{A940CC84-5CA2-4F8A-BD46-FE5ADE03502B}.Release|ARM.Deploy.0 = Release|Any CPU
		{A940CC84-5CA2-4F8A-BD46-FE5ADE03502B}.Release|iPhone.ActiveCfg = Release|Any CPU
		{A940CC84-5CA2-4F8A-BD46-FE5ADE03502B}.Release|iPhone.Build.0 = Release|Any CPU
		{A940CC84-5CA2-4F8A-BD46-FE5ADE03502B}.Release|iPhone.Deploy.0 = Release|Any CPU
		{A940CC84-5CA2-4F8A-BD46-FE5ADE03502B}.Release|iPhoneSimulator.ActiveCfg = Release|Any CPU
		{A940CC84-5CA2-4F8A-BD46-FE5ADE03502B}.Release|iPhoneSimulator.Build.0 = Release|Any CPU
		{A940CC84-5CA2-4F8A-BD46-FE5ADE03502B}.Release|iPhoneSimulator.Deploy.0 = Release|Any CPU
		{A940CC84-5CA2-4F8A-BD46-FE5ADE03502B}.Release|x64.ActiveCfg = Release|Any CPU
		{A940CC84-5CA2-4F8A-BD46-FE5ADE03502B}.Release|x64.Build.0 = Release|Any CPU
		{A940CC84-5CA2-4F8A-BD46-FE5ADE03502B}.Release|x64.Deploy.0 = Release|Any CPU
		{A940CC84-5CA2-4F8A-BD46-FE5ADE03502B}.Release|x86.ActiveCfg = Release|Any CPU
		{A940CC84-5CA2-4F8A-BD46-FE5ADE03502B}.Release|x86.Build.0 = Release|Any CPU
		{A940CC84-5CA2-4F8A-BD46-FE5ADE03502B}.Release|x86.Deploy.0 = Release|Any CPU
		{24F8934A-F440-4CD7-853D-94F5E4D144CD}.Ad-Hoc|Any CPU.ActiveCfg = Ad-Hoc|iPhoneSimulator
		{24F8934A-F440-4CD7-853D-94F5E4D144CD}.Ad-Hoc|ARM.ActiveCfg = Ad-Hoc|iPhone
		{24F8934A-F440-4CD7-853D-94F5E4D144CD}.Ad-Hoc|iPhone.ActiveCfg = Ad-Hoc|iPhone
		{24F8934A-F440-4CD7-853D-94F5E4D144CD}.Ad-Hoc|iPhone.Build.0 = Ad-Hoc|iPhone
		{24F8934A-F440-4CD7-853D-94F5E4D144CD}.Ad-Hoc|iPhoneSimulator.ActiveCfg = Ad-Hoc|iPhoneSimulator
		{24F8934A-F440-4CD7-853D-94F5E4D144CD}.Ad-Hoc|iPhoneSimulator.Build.0 = Ad-Hoc|iPhoneSimulator
		{24F8934A-F440-4CD7-853D-94F5E4D144CD}.Ad-Hoc|x64.ActiveCfg = Ad-Hoc|iPhone
		{24F8934A-F440-4CD7-853D-94F5E4D144CD}.Ad-Hoc|x86.ActiveCfg = Ad-Hoc|iPhone
		{24F8934A-F440-4CD7-853D-94F5E4D144CD}.AppStore|Any CPU.ActiveCfg = AppStore|iPhoneSimulator
		{24F8934A-F440-4CD7-853D-94F5E4D144CD}.AppStore|ARM.ActiveCfg = AppStore|iPhone
		{24F8934A-F440-4CD7-853D-94F5E4D144CD}.AppStore|iPhone.ActiveCfg = AppStore|iPhone
		{24F8934A-F440-4CD7-853D-94F5E4D144CD}.AppStore|iPhone.Build.0 = AppStore|iPhone
		{24F8934A-F440-4CD7-853D-94F5E4D144CD}.AppStore|iPhoneSimulator.ActiveCfg = AppStore|iPhoneSimulator
		{24F8934A-F440-4CD7-853D-94F5E4D144CD}.AppStore|iPhoneSimulator.Build.0 = AppStore|iPhoneSimulator
		{24F8934A-F440-4CD7-853D-94F5E4D144CD}.AppStore|x64.ActiveCfg = AppStore|iPhone
		{24F8934A-F440-4CD7-853D-94F5E4D144CD}.AppStore|x86.ActiveCfg = AppStore|iPhone
		{24F8934A-F440-4CD7-853D-94F5E4D144CD}.Debug|Any CPU.ActiveCfg = Debug|iPhoneSimulator
		{24F8934A-F440-4CD7-853D-94F5E4D144CD}.Debug|ARM.ActiveCfg = Debug|iPhone
		{24F8934A-F440-4CD7-853D-94F5E4D144CD}.Debug|iPhone.ActiveCfg = Debug|iPhone
		{24F8934A-F440-4CD7-853D-94F5E4D144CD}.Debug|iPhone.Build.0 = Debug|iPhone
		{24F8934A-F440-4CD7-853D-94F5E4D144CD}.Debug|iPhoneSimulator.ActiveCfg = Debug|iPhoneSimulator
		{24F8934A-F440-4CD7-853D-94F5E4D144CD}.Debug|iPhoneSimulator.Build.0 = Debug|iPhoneSimulator
		{24F8934A-F440-4CD7-853D-94F5E4D144CD}.Debug|x64.ActiveCfg = Debug|iPhone
		{24F8934A-F440-4CD7-853D-94F5E4D144CD}.Debug|x86.ActiveCfg = Debug|iPhone
		{24F8934A-F440-4CD7-853D-94F5E4D144CD}.Release|Any CPU.ActiveCfg = Release|iPhoneSimulator
		{24F8934A-F440-4CD7-853D-94F5E4D144CD}.Release|ARM.ActiveCfg = Release|iPhone
		{24F8934A-F440-4CD7-853D-94F5E4D144CD}.Release|iPhone.ActiveCfg = Release|iPhone
		{24F8934A-F440-4CD7-853D-94F5E4D144CD}.Release|iPhone.Build.0 = Release|iPhone
		{24F8934A-F440-4CD7-853D-94F5E4D144CD}.Release|iPhoneSimulator.ActiveCfg = Release|iPhoneSimulator
		{24F8934A-F440-4CD7-853D-94F5E4D144CD}.Release|iPhoneSimulator.Build.0 = Release|iPhoneSimulator
		{24F8934A-F440-4CD7-853D-94F5E4D144CD}.Release|x64.ActiveCfg = Release|iPhone
		{24F8934A-F440-4CD7-853D-94F5E4D144CD}.Release|x86.ActiveCfg = Release|iPhone
		{4307E3B4-5841-43CA-828A-25FE05B4A37C}.Ad-Hoc|Any CPU.ActiveCfg = Debug|Any CPU
		{4307E3B4-5841-43CA-828A-25FE05B4A37C}.Ad-Hoc|Any CPU.Build.0 = Debug|Any CPU
		{4307E3B4-5841-43CA-828A-25FE05B4A37C}.Ad-Hoc|ARM.ActiveCfg = Debug|Any CPU
		{4307E3B4-5841-43CA-828A-25FE05B4A37C}.Ad-Hoc|ARM.Build.0 = Debug|Any CPU
		{4307E3B4-5841-43CA-828A-25FE05B4A37C}.Ad-Hoc|iPhone.ActiveCfg = Debug|Any CPU
		{4307E3B4-5841-43CA-828A-25FE05B4A37C}.Ad-Hoc|iPhone.Build.0 = Debug|Any CPU
		{4307E3B4-5841-43CA-828A-25FE05B4A37C}.Ad-Hoc|iPhoneSimulator.ActiveCfg = Debug|Any CPU
		{4307E3B4-5841-43CA-828A-25FE05B4A37C}.Ad-Hoc|iPhoneSimulator.Build.0 = Debug|Any CPU
		{4307E3B4-5841-43CA-828A-25FE05B4A37C}.Ad-Hoc|x64.ActiveCfg = Debug|Any CPU
		{4307E3B4-5841-43CA-828A-25FE05B4A37C}.Ad-Hoc|x64.Build.0 = Debug|Any CPU
		{4307E3B4-5841-43CA-828A-25FE05B4A37C}.Ad-Hoc|x86.ActiveCfg = Debug|Any CPU
		{4307E3B4-5841-43CA-828A-25FE05B4A37C}.Ad-Hoc|x86.Build.0 = Debug|Any CPU
		{4307E3B4-5841-43CA-828A-25FE05B4A37C}.AppStore|Any CPU.ActiveCfg = Debug|Any CPU
		{4307E3B4-5841-43CA-828A-25FE05B4A37C}.AppStore|Any CPU.Build.0 = Debug|Any CPU
		{4307E3B4-5841-43CA-828A-25FE05B4A37C}.AppStore|ARM.ActiveCfg = Debug|Any CPU
		{4307E3B4-5841-43CA-828A-25FE05B4A37C}.AppStore|ARM.Build.0 = Debug|Any CPU
		{4307E3B4-5841-43CA-828A-25FE05B4A37C}.AppStore|iPhone.ActiveCfg = Debug|Any CPU
		{4307E3B4-5841-43CA-828A-25FE05B4A37C}.AppStore|iPhone.Build.0 = Debug|Any CPU
		{4307E3B4-5841-43CA-828A-25FE05B4A37C}.AppStore|iPhoneSimulator.ActiveCfg = Debug|Any CPU
		{4307E3B4-5841-43CA-828A-25FE05B4A37C}.AppStore|iPhoneSimulator.Build.0 = Debug|Any CPU
		{4307E3B4-5841-43CA-828A-25FE05B4A37C}.AppStore|x64.ActiveCfg = Debug|Any CPU
		{4307E3B4-5841-43CA-828A-25FE05B4A37C}.AppStore|x64.Build.0 = Debug|Any CPU
		{4307E3B4-5841-43CA-828A-25FE05B4A37C}.AppStore|x86.ActiveCfg = Debug|Any CPU
		{4307E3B4-5841-43CA-828A-25FE05B4A37C}.AppStore|x86.Build.0 = Debug|Any CPU
		{4307E3B4-5841-43CA-828A-25FE05B4A37C}.Debug|Any CPU.ActiveCfg = Debug|Any CPU
		{4307E3B4-5841-43CA-828A-25FE05B4A37C}.Debug|Any CPU.Build.0 = Debug|Any CPU
		{4307E3B4-5841-43CA-828A-25FE05B4A37C}.Debug|ARM.ActiveCfg = Debug|Any CPU
		{4307E3B4-5841-43CA-828A-25FE05B4A37C}.Debug|ARM.Build.0 = Debug|Any CPU
		{4307E3B4-5841-43CA-828A-25FE05B4A37C}.Debug|iPhone.ActiveCfg = Debug|Any CPU
		{4307E3B4-5841-43CA-828A-25FE05B4A37C}.Debug|iPhone.Build.0 = Debug|Any CPU
		{4307E3B4-5841-43CA-828A-25FE05B4A37C}.Debug|iPhoneSimulator.ActiveCfg = Debug|Any CPU
		{4307E3B4-5841-43CA-828A-25FE05B4A37C}.Debug|iPhoneSimulator.Build.0 = Debug|Any CPU
		{4307E3B4-5841-43CA-828A-25FE05B4A37C}.Debug|x64.ActiveCfg = Debug|Any CPU
		{4307E3B4-5841-43CA-828A-25FE05B4A37C}.Debug|x64.Build.0 = Debug|Any CPU
		{4307E3B4-5841-43CA-828A-25FE05B4A37C}.Debug|x86.ActiveCfg = Debug|Any CPU
		{4307E3B4-5841-43CA-828A-25FE05B4A37C}.Debug|x86.Build.0 = Debug|Any CPU
		{4307E3B4-5841-43CA-828A-25FE05B4A37C}.Release|Any CPU.ActiveCfg = Release|Any CPU
		{4307E3B4-5841-43CA-828A-25FE05B4A37C}.Release|Any CPU.Build.0 = Release|Any CPU
		{4307E3B4-5841-43CA-828A-25FE05B4A37C}.Release|ARM.ActiveCfg = Release|Any CPU
		{4307E3B4-5841-43CA-828A-25FE05B4A37C}.Release|ARM.Build.0 = Release|Any CPU
		{4307E3B4-5841-43CA-828A-25FE05B4A37C}.Release|iPhone.ActiveCfg = Release|Any CPU
		{4307E3B4-5841-43CA-828A-25FE05B4A37C}.Release|iPhone.Build.0 = Release|Any CPU
		{4307E3B4-5841-43CA-828A-25FE05B4A37C}.Release|iPhoneSimulator.ActiveCfg = Release|Any CPU
		{4307E3B4-5841-43CA-828A-25FE05B4A37C}.Release|iPhoneSimulator.Build.0 = Release|Any CPU
		{4307E3B4-5841-43CA-828A-25FE05B4A37C}.Release|x64.ActiveCfg = Release|Any CPU
		{4307E3B4-5841-43CA-828A-25FE05B4A37C}.Release|x64.Build.0 = Release|Any CPU
		{4307E3B4-5841-43CA-828A-25FE05B4A37C}.Release|x86.ActiveCfg = Release|Any CPU
		{4307E3B4-5841-43CA-828A-25FE05B4A37C}.Release|x86.Build.0 = Release|Any CPU
		{FD501A21-0C28-4A87-A5AA-675155F7EB67}.Ad-Hoc|Any CPU.ActiveCfg = Debug|Any CPU
		{FD501A21-0C28-4A87-A5AA-675155F7EB67}.Ad-Hoc|Any CPU.Build.0 = Debug|Any CPU
		{FD501A21-0C28-4A87-A5AA-675155F7EB67}.Ad-Hoc|ARM.ActiveCfg = Debug|Any CPU
		{FD501A21-0C28-4A87-A5AA-675155F7EB67}.Ad-Hoc|ARM.Build.0 = Debug|Any CPU
		{FD501A21-0C28-4A87-A5AA-675155F7EB67}.Ad-Hoc|iPhone.ActiveCfg = Debug|Any CPU
		{FD501A21-0C28-4A87-A5AA-675155F7EB67}.Ad-Hoc|iPhone.Build.0 = Debug|Any CPU
		{FD501A21-0C28-4A87-A5AA-675155F7EB67}.Ad-Hoc|iPhoneSimulator.ActiveCfg = Debug|Any CPU
		{FD501A21-0C28-4A87-A5AA-675155F7EB67}.Ad-Hoc|iPhoneSimulator.Build.0 = Debug|Any CPU
		{FD501A21-0C28-4A87-A5AA-675155F7EB67}.Ad-Hoc|x64.ActiveCfg = Debug|Any CPU
		{FD501A21-0C28-4A87-A5AA-675155F7EB67}.Ad-Hoc|x64.Build.0 = Debug|Any CPU
		{FD501A21-0C28-4A87-A5AA-675155F7EB67}.Ad-Hoc|x86.ActiveCfg = Debug|Any CPU
		{FD501A21-0C28-4A87-A5AA-675155F7EB67}.Ad-Hoc|x86.Build.0 = Debug|Any CPU
		{FD501A21-0C28-4A87-A5AA-675155F7EB67}.AppStore|Any CPU.ActiveCfg = Debug|Any CPU
		{FD501A21-0C28-4A87-A5AA-675155F7EB67}.AppStore|Any CPU.Build.0 = Debug|Any CPU
		{FD501A21-0C28-4A87-A5AA-675155F7EB67}.AppStore|ARM.ActiveCfg = Debug|Any CPU
		{FD501A21-0C28-4A87-A5AA-675155F7EB67}.AppStore|ARM.Build.0 = Debug|Any CPU
		{FD501A21-0C28-4A87-A5AA-675155F7EB67}.AppStore|iPhone.ActiveCfg = Debug|Any CPU
		{FD501A21-0C28-4A87-A5AA-675155F7EB67}.AppStore|iPhone.Build.0 = Debug|Any CPU
		{FD501A21-0C28-4A87-A5AA-675155F7EB67}.AppStore|iPhoneSimulator.ActiveCfg = Debug|Any CPU
		{FD501A21-0C28-4A87-A5AA-675155F7EB67}.AppStore|iPhoneSimulator.Build.0 = Debug|Any CPU
		{FD501A21-0C28-4A87-A5AA-675155F7EB67}.AppStore|x64.ActiveCfg = Debug|Any CPU
		{FD501A21-0C28-4A87-A5AA-675155F7EB67}.AppStore|x64.Build.0 = Debug|Any CPU
		{FD501A21-0C28-4A87-A5AA-675155F7EB67}.AppStore|x86.ActiveCfg = Debug|Any CPU
		{FD501A21-0C28-4A87-A5AA-675155F7EB67}.AppStore|x86.Build.0 = Debug|Any CPU
		{FD501A21-0C28-4A87-A5AA-675155F7EB67}.Debug|Any CPU.ActiveCfg = Debug|Any CPU
		{FD501A21-0C28-4A87-A5AA-675155F7EB67}.Debug|Any CPU.Build.0 = Debug|Any CPU
		{FD501A21-0C28-4A87-A5AA-675155F7EB67}.Debug|ARM.ActiveCfg = Debug|Any CPU
		{FD501A21-0C28-4A87-A5AA-675155F7EB67}.Debug|ARM.Build.0 = Debug|Any CPU
		{FD501A21-0C28-4A87-A5AA-675155F7EB67}.Debug|iPhone.ActiveCfg = Debug|Any CPU
		{FD501A21-0C28-4A87-A5AA-675155F7EB67}.Debug|iPhone.Build.0 = Debug|Any CPU
		{FD501A21-0C28-4A87-A5AA-675155F7EB67}.Debug|iPhoneSimulator.ActiveCfg = Debug|Any CPU
		{FD501A21-0C28-4A87-A5AA-675155F7EB67}.Debug|iPhoneSimulator.Build.0 = Debug|Any CPU
		{FD501A21-0C28-4A87-A5AA-675155F7EB67}.Debug|x64.ActiveCfg = Debug|Any CPU
		{FD501A21-0C28-4A87-A5AA-675155F7EB67}.Debug|x64.Build.0 = Debug|Any CPU
		{FD501A21-0C28-4A87-A5AA-675155F7EB67}.Debug|x86.ActiveCfg = Debug|Any CPU
		{FD501A21-0C28-4A87-A5AA-675155F7EB67}.Debug|x86.Build.0 = Debug|Any CPU
		{FD501A21-0C28-4A87-A5AA-675155F7EB67}.Release|Any CPU.ActiveCfg = Release|Any CPU
		{FD501A21-0C28-4A87-A5AA-675155F7EB67}.Release|Any CPU.Build.0 = Release|Any CPU
		{FD501A21-0C28-4A87-A5AA-675155F7EB67}.Release|ARM.ActiveCfg = Release|Any CPU
		{FD501A21-0C28-4A87-A5AA-675155F7EB67}.Release|ARM.Build.0 = Release|Any CPU
		{FD501A21-0C28-4A87-A5AA-675155F7EB67}.Release|iPhone.ActiveCfg = Release|Any CPU
		{FD501A21-0C28-4A87-A5AA-675155F7EB67}.Release|iPhone.Build.0 = Release|Any CPU
		{FD501A21-0C28-4A87-A5AA-675155F7EB67}.Release|iPhoneSimulator.ActiveCfg = Release|Any CPU
		{FD501A21-0C28-4A87-A5AA-675155F7EB67}.Release|iPhoneSimulator.Build.0 = Release|Any CPU
		{FD501A21-0C28-4A87-A5AA-675155F7EB67}.Release|x64.ActiveCfg = Release|Any CPU
		{FD501A21-0C28-4A87-A5AA-675155F7EB67}.Release|x64.Build.0 = Release|Any CPU
		{FD501A21-0C28-4A87-A5AA-675155F7EB67}.Release|x86.ActiveCfg = Release|Any CPU
		{FD501A21-0C28-4A87-A5AA-675155F7EB67}.Release|x86.Build.0 = Release|Any CPU
		{A7B2C5D4-C39D-4861-88A8-DD9D6AF3CA13}.Ad-Hoc|Any CPU.ActiveCfg = Debug|Any CPU
		{A7B2C5D4-C39D-4861-88A8-DD9D6AF3CA13}.Ad-Hoc|Any CPU.Build.0 = Debug|Any CPU
		{A7B2C5D4-C39D-4861-88A8-DD9D6AF3CA13}.Ad-Hoc|ARM.ActiveCfg = Debug|Any CPU
		{A7B2C5D4-C39D-4861-88A8-DD9D6AF3CA13}.Ad-Hoc|ARM.Build.0 = Debug|Any CPU
		{A7B2C5D4-C39D-4861-88A8-DD9D6AF3CA13}.Ad-Hoc|iPhone.ActiveCfg = Debug|Any CPU
		{A7B2C5D4-C39D-4861-88A8-DD9D6AF3CA13}.Ad-Hoc|iPhone.Build.0 = Debug|Any CPU
		{A7B2C5D4-C39D-4861-88A8-DD9D6AF3CA13}.Ad-Hoc|iPhoneSimulator.ActiveCfg = Debug|Any CPU
		{A7B2C5D4-C39D-4861-88A8-DD9D6AF3CA13}.Ad-Hoc|iPhoneSimulator.Build.0 = Debug|Any CPU
		{A7B2C5D4-C39D-4861-88A8-DD9D6AF3CA13}.Ad-Hoc|x64.ActiveCfg = Debug|Any CPU
		{A7B2C5D4-C39D-4861-88A8-DD9D6AF3CA13}.Ad-Hoc|x64.Build.0 = Debug|Any CPU
		{A7B2C5D4-C39D-4861-88A8-DD9D6AF3CA13}.Ad-Hoc|x86.ActiveCfg = Debug|Any CPU
		{A7B2C5D4-C39D-4861-88A8-DD9D6AF3CA13}.Ad-Hoc|x86.Build.0 = Debug|Any CPU
		{A7B2C5D4-C39D-4861-88A8-DD9D6AF3CA13}.AppStore|Any CPU.ActiveCfg = Debug|Any CPU
		{A7B2C5D4-C39D-4861-88A8-DD9D6AF3CA13}.AppStore|Any CPU.Build.0 = Debug|Any CPU
		{A7B2C5D4-C39D-4861-88A8-DD9D6AF3CA13}.AppStore|ARM.ActiveCfg = Debug|Any CPU
		{A7B2C5D4-C39D-4861-88A8-DD9D6AF3CA13}.AppStore|ARM.Build.0 = Debug|Any CPU
		{A7B2C5D4-C39D-4861-88A8-DD9D6AF3CA13}.AppStore|iPhone.ActiveCfg = Debug|Any CPU
		{A7B2C5D4-C39D-4861-88A8-DD9D6AF3CA13}.AppStore|iPhone.Build.0 = Debug|Any CPU
		{A7B2C5D4-C39D-4861-88A8-DD9D6AF3CA13}.AppStore|iPhoneSimulator.ActiveCfg = Debug|Any CPU
		{A7B2C5D4-C39D-4861-88A8-DD9D6AF3CA13}.AppStore|iPhoneSimulator.Build.0 = Debug|Any CPU
		{A7B2C5D4-C39D-4861-88A8-DD9D6AF3CA13}.AppStore|x64.ActiveCfg = Debug|Any CPU
		{A7B2C5D4-C39D-4861-88A8-DD9D6AF3CA13}.AppStore|x64.Build.0 = Debug|Any CPU
		{A7B2C5D4-C39D-4861-88A8-DD9D6AF3CA13}.AppStore|x86.ActiveCfg = Debug|Any CPU
		{A7B2C5D4-C39D-4861-88A8-DD9D6AF3CA13}.AppStore|x86.Build.0 = Debug|Any CPU
		{A7B2C5D4-C39D-4861-88A8-DD9D6AF3CA13}.Debug|Any CPU.ActiveCfg = Debug|Any CPU
		{A7B2C5D4-C39D-4861-88A8-DD9D6AF3CA13}.Debug|Any CPU.Build.0 = Debug|Any CPU
		{A7B2C5D4-C39D-4861-88A8-DD9D6AF3CA13}.Debug|ARM.ActiveCfg = Debug|Any CPU
		{A7B2C5D4-C39D-4861-88A8-DD9D6AF3CA13}.Debug|ARM.Build.0 = Debug|Any CPU
		{A7B2C5D4-C39D-4861-88A8-DD9D6AF3CA13}.Debug|iPhone.ActiveCfg = Debug|Any CPU
		{A7B2C5D4-C39D-4861-88A8-DD9D6AF3CA13}.Debug|iPhone.Build.0 = Debug|Any CPU
		{A7B2C5D4-C39D-4861-88A8-DD9D6AF3CA13}.Debug|iPhoneSimulator.ActiveCfg = Debug|Any CPU
		{A7B2C5D4-C39D-4861-88A8-DD9D6AF3CA13}.Debug|iPhoneSimulator.Build.0 = Debug|Any CPU
		{A7B2C5D4-C39D-4861-88A8-DD9D6AF3CA13}.Debug|x64.ActiveCfg = Debug|Any CPU
		{A7B2C5D4-C39D-4861-88A8-DD9D6AF3CA13}.Debug|x64.Build.0 = Debug|Any CPU
		{A7B2C5D4-C39D-4861-88A8-DD9D6AF3CA13}.Debug|x86.ActiveCfg = Debug|Any CPU
		{A7B2C5D4-C39D-4861-88A8-DD9D6AF3CA13}.Debug|x86.Build.0 = Debug|Any CPU
		{A7B2C5D4-C39D-4861-88A8-DD9D6AF3CA13}.Release|Any CPU.ActiveCfg = Release|Any CPU
		{A7B2C5D4-C39D-4861-88A8-DD9D6AF3CA13}.Release|Any CPU.Build.0 = Release|Any CPU
		{A7B2C5D4-C39D-4861-88A8-DD9D6AF3CA13}.Release|ARM.ActiveCfg = Release|Any CPU
		{A7B2C5D4-C39D-4861-88A8-DD9D6AF3CA13}.Release|ARM.Build.0 = Release|Any CPU
		{A7B2C5D4-C39D-4861-88A8-DD9D6AF3CA13}.Release|iPhone.ActiveCfg = Release|Any CPU
		{A7B2C5D4-C39D-4861-88A8-DD9D6AF3CA13}.Release|iPhone.Build.0 = Release|Any CPU
		{A7B2C5D4-C39D-4861-88A8-DD9D6AF3CA13}.Release|iPhoneSimulator.ActiveCfg = Release|Any CPU
		{A7B2C5D4-C39D-4861-88A8-DD9D6AF3CA13}.Release|iPhoneSimulator.Build.0 = Release|Any CPU
		{A7B2C5D4-C39D-4861-88A8-DD9D6AF3CA13}.Release|x64.ActiveCfg = Release|Any CPU
		{A7B2C5D4-C39D-4861-88A8-DD9D6AF3CA13}.Release|x64.Build.0 = Release|Any CPU
		{A7B2C5D4-C39D-4861-88A8-DD9D6AF3CA13}.Release|x86.ActiveCfg = Release|Any CPU
		{A7B2C5D4-C39D-4861-88A8-DD9D6AF3CA13}.Release|x86.Build.0 = Release|Any CPU
		{CC2D61C7-FFBE-4FBB-BC0F-320DF1392073}.Ad-Hoc|Any CPU.ActiveCfg = Debug|Any CPU
		{CC2D61C7-FFBE-4FBB-BC0F-320DF1392073}.Ad-Hoc|Any CPU.Build.0 = Debug|Any CPU
		{CC2D61C7-FFBE-4FBB-BC0F-320DF1392073}.Ad-Hoc|ARM.ActiveCfg = Debug|Any CPU
		{CC2D61C7-FFBE-4FBB-BC0F-320DF1392073}.Ad-Hoc|ARM.Build.0 = Debug|Any CPU
		{CC2D61C7-FFBE-4FBB-BC0F-320DF1392073}.Ad-Hoc|iPhone.ActiveCfg = Debug|Any CPU
		{CC2D61C7-FFBE-4FBB-BC0F-320DF1392073}.Ad-Hoc|iPhone.Build.0 = Debug|Any CPU
		{CC2D61C7-FFBE-4FBB-BC0F-320DF1392073}.Ad-Hoc|iPhoneSimulator.ActiveCfg = Debug|Any CPU
		{CC2D61C7-FFBE-4FBB-BC0F-320DF1392073}.Ad-Hoc|iPhoneSimulator.Build.0 = Debug|Any CPU
		{CC2D61C7-FFBE-4FBB-BC0F-320DF1392073}.Ad-Hoc|x64.ActiveCfg = Debug|Any CPU
		{CC2D61C7-FFBE-4FBB-BC0F-320DF1392073}.Ad-Hoc|x64.Build.0 = Debug|Any CPU
		{CC2D61C7-FFBE-4FBB-BC0F-320DF1392073}.Ad-Hoc|x86.ActiveCfg = Debug|Any CPU
		{CC2D61C7-FFBE-4FBB-BC0F-320DF1392073}.Ad-Hoc|x86.Build.0 = Debug|Any CPU
		{CC2D61C7-FFBE-4FBB-BC0F-320DF1392073}.AppStore|Any CPU.ActiveCfg = Debug|Any CPU
		{CC2D61C7-FFBE-4FBB-BC0F-320DF1392073}.AppStore|Any CPU.Build.0 = Debug|Any CPU
		{CC2D61C7-FFBE-4FBB-BC0F-320DF1392073}.AppStore|ARM.ActiveCfg = Debug|Any CPU
		{CC2D61C7-FFBE-4FBB-BC0F-320DF1392073}.AppStore|ARM.Build.0 = Debug|Any CPU
		{CC2D61C7-FFBE-4FBB-BC0F-320DF1392073}.AppStore|iPhone.ActiveCfg = Debug|Any CPU
		{CC2D61C7-FFBE-4FBB-BC0F-320DF1392073}.AppStore|iPhone.Build.0 = Debug|Any CPU
		{CC2D61C7-FFBE-4FBB-BC0F-320DF1392073}.AppStore|iPhoneSimulator.ActiveCfg = Debug|Any CPU
		{CC2D61C7-FFBE-4FBB-BC0F-320DF1392073}.AppStore|iPhoneSimulator.Build.0 = Debug|Any CPU
		{CC2D61C7-FFBE-4FBB-BC0F-320DF1392073}.AppStore|x64.ActiveCfg = Debug|Any CPU
		{CC2D61C7-FFBE-4FBB-BC0F-320DF1392073}.AppStore|x64.Build.0 = Debug|Any CPU
		{CC2D61C7-FFBE-4FBB-BC0F-320DF1392073}.AppStore|x86.ActiveCfg = Debug|Any CPU
		{CC2D61C7-FFBE-4FBB-BC0F-320DF1392073}.AppStore|x86.Build.0 = Debug|Any CPU
		{CC2D61C7-FFBE-4FBB-BC0F-320DF1392073}.Debug|Any CPU.ActiveCfg = Debug|Any CPU
		{CC2D61C7-FFBE-4FBB-BC0F-320DF1392073}.Debug|Any CPU.Build.0 = Debug|Any CPU
		{CC2D61C7-FFBE-4FBB-BC0F-320DF1392073}.Debug|ARM.ActiveCfg = Debug|Any CPU
		{CC2D61C7-FFBE-4FBB-BC0F-320DF1392073}.Debug|ARM.Build.0 = Debug|Any CPU
		{CC2D61C7-FFBE-4FBB-BC0F-320DF1392073}.Debug|iPhone.ActiveCfg = Debug|Any CPU
		{CC2D61C7-FFBE-4FBB-BC0F-320DF1392073}.Debug|iPhone.Build.0 = Debug|Any CPU
		{CC2D61C7-FFBE-4FBB-BC0F-320DF1392073}.Debug|iPhoneSimulator.ActiveCfg = Debug|Any CPU
		{CC2D61C7-FFBE-4FBB-BC0F-320DF1392073}.Debug|iPhoneSimulator.Build.0 = Debug|Any CPU
		{CC2D61C7-FFBE-4FBB-BC0F-320DF1392073}.Debug|x64.ActiveCfg = Debug|Any CPU
		{CC2D61C7-FFBE-4FBB-BC0F-320DF1392073}.Debug|x64.Build.0 = Debug|Any CPU
		{CC2D61C7-FFBE-4FBB-BC0F-320DF1392073}.Debug|x86.ActiveCfg = Debug|Any CPU
		{CC2D61C7-FFBE-4FBB-BC0F-320DF1392073}.Debug|x86.Build.0 = Debug|Any CPU
		{CC2D61C7-FFBE-4FBB-BC0F-320DF1392073}.Release|Any CPU.ActiveCfg = Release|Any CPU
		{CC2D61C7-FFBE-4FBB-BC0F-320DF1392073}.Release|Any CPU.Build.0 = Release|Any CPU
		{CC2D61C7-FFBE-4FBB-BC0F-320DF1392073}.Release|ARM.ActiveCfg = Release|Any CPU
		{CC2D61C7-FFBE-4FBB-BC0F-320DF1392073}.Release|ARM.Build.0 = Release|Any CPU
		{CC2D61C7-FFBE-4FBB-BC0F-320DF1392073}.Release|iPhone.ActiveCfg = Release|Any CPU
		{CC2D61C7-FFBE-4FBB-BC0F-320DF1392073}.Release|iPhone.Build.0 = Release|Any CPU
		{CC2D61C7-FFBE-4FBB-BC0F-320DF1392073}.Release|iPhoneSimulator.ActiveCfg = Release|Any CPU
		{CC2D61C7-FFBE-4FBB-BC0F-320DF1392073}.Release|iPhoneSimulator.Build.0 = Release|Any CPU
		{CC2D61C7-FFBE-4FBB-BC0F-320DF1392073}.Release|x64.ActiveCfg = Release|Any CPU
		{CC2D61C7-FFBE-4FBB-BC0F-320DF1392073}.Release|x64.Build.0 = Release|Any CPU
		{CC2D61C7-FFBE-4FBB-BC0F-320DF1392073}.Release|x86.ActiveCfg = Release|Any CPU
		{CC2D61C7-FFBE-4FBB-BC0F-320DF1392073}.Release|x86.Build.0 = Release|Any CPU
		{A411387C-7FA6-412E-BD8E-AC9AFA61B495}.Ad-Hoc|Any CPU.ActiveCfg = Debug|Any CPU
		{A411387C-7FA6-412E-BD8E-AC9AFA61B495}.Ad-Hoc|Any CPU.Build.0 = Debug|Any CPU
		{A411387C-7FA6-412E-BD8E-AC9AFA61B495}.Ad-Hoc|ARM.ActiveCfg = Debug|Any CPU
		{A411387C-7FA6-412E-BD8E-AC9AFA61B495}.Ad-Hoc|ARM.Build.0 = Debug|Any CPU
		{A411387C-7FA6-412E-BD8E-AC9AFA61B495}.Ad-Hoc|iPhone.ActiveCfg = Debug|Any CPU
		{A411387C-7FA6-412E-BD8E-AC9AFA61B495}.Ad-Hoc|iPhone.Build.0 = Debug|Any CPU
		{A411387C-7FA6-412E-BD8E-AC9AFA61B495}.Ad-Hoc|iPhoneSimulator.ActiveCfg = Debug|Any CPU
		{A411387C-7FA6-412E-BD8E-AC9AFA61B495}.Ad-Hoc|iPhoneSimulator.Build.0 = Debug|Any CPU
		{A411387C-7FA6-412E-BD8E-AC9AFA61B495}.Ad-Hoc|x64.ActiveCfg = Debug|Any CPU
		{A411387C-7FA6-412E-BD8E-AC9AFA61B495}.Ad-Hoc|x64.Build.0 = Debug|Any CPU
		{A411387C-7FA6-412E-BD8E-AC9AFA61B495}.Ad-Hoc|x86.ActiveCfg = Debug|Any CPU
		{A411387C-7FA6-412E-BD8E-AC9AFA61B495}.Ad-Hoc|x86.Build.0 = Debug|Any CPU
		{A411387C-7FA6-412E-BD8E-AC9AFA61B495}.AppStore|Any CPU.ActiveCfg = Debug|Any CPU
		{A411387C-7FA6-412E-BD8E-AC9AFA61B495}.AppStore|Any CPU.Build.0 = Debug|Any CPU
		{A411387C-7FA6-412E-BD8E-AC9AFA61B495}.AppStore|ARM.ActiveCfg = Debug|Any CPU
		{A411387C-7FA6-412E-BD8E-AC9AFA61B495}.AppStore|ARM.Build.0 = Debug|Any CPU
		{A411387C-7FA6-412E-BD8E-AC9AFA61B495}.AppStore|iPhone.ActiveCfg = Debug|Any CPU
		{A411387C-7FA6-412E-BD8E-AC9AFA61B495}.AppStore|iPhone.Build.0 = Debug|Any CPU
		{A411387C-7FA6-412E-BD8E-AC9AFA61B495}.AppStore|iPhoneSimulator.ActiveCfg = Debug|Any CPU
		{A411387C-7FA6-412E-BD8E-AC9AFA61B495}.AppStore|iPhoneSimulator.Build.0 = Debug|Any CPU
		{A411387C-7FA6-412E-BD8E-AC9AFA61B495}.AppStore|x64.ActiveCfg = Debug|Any CPU
		{A411387C-7FA6-412E-BD8E-AC9AFA61B495}.AppStore|x64.Build.0 = Debug|Any CPU
		{A411387C-7FA6-412E-BD8E-AC9AFA61B495}.AppStore|x86.ActiveCfg = Debug|Any CPU
		{A411387C-7FA6-412E-BD8E-AC9AFA61B495}.AppStore|x86.Build.0 = Debug|Any CPU
		{A411387C-7FA6-412E-BD8E-AC9AFA61B495}.Debug|Any CPU.ActiveCfg = Debug|Any CPU
		{A411387C-7FA6-412E-BD8E-AC9AFA61B495}.Debug|Any CPU.Build.0 = Debug|Any CPU
		{A411387C-7FA6-412E-BD8E-AC9AFA61B495}.Debug|ARM.ActiveCfg = Debug|Any CPU
		{A411387C-7FA6-412E-BD8E-AC9AFA61B495}.Debug|ARM.Build.0 = Debug|Any CPU
		{A411387C-7FA6-412E-BD8E-AC9AFA61B495}.Debug|iPhone.ActiveCfg = Debug|Any CPU
		{A411387C-7FA6-412E-BD8E-AC9AFA61B495}.Debug|iPhone.Build.0 = Debug|Any CPU
		{A411387C-7FA6-412E-BD8E-AC9AFA61B495}.Debug|iPhoneSimulator.ActiveCfg = Debug|Any CPU
		{A411387C-7FA6-412E-BD8E-AC9AFA61B495}.Debug|iPhoneSimulator.Build.0 = Debug|Any CPU
		{A411387C-7FA6-412E-BD8E-AC9AFA61B495}.Debug|x64.ActiveCfg = Debug|Any CPU
		{A411387C-7FA6-412E-BD8E-AC9AFA61B495}.Debug|x64.Build.0 = Debug|Any CPU
		{A411387C-7FA6-412E-BD8E-AC9AFA61B495}.Debug|x86.ActiveCfg = Debug|Any CPU
		{A411387C-7FA6-412E-BD8E-AC9AFA61B495}.Debug|x86.Build.0 = Debug|Any CPU
		{A411387C-7FA6-412E-BD8E-AC9AFA61B495}.Release|Any CPU.ActiveCfg = Release|Any CPU
		{A411387C-7FA6-412E-BD8E-AC9AFA61B495}.Release|Any CPU.Build.0 = Release|Any CPU
		{A411387C-7FA6-412E-BD8E-AC9AFA61B495}.Release|ARM.ActiveCfg = Release|Any CPU
		{A411387C-7FA6-412E-BD8E-AC9AFA61B495}.Release|ARM.Build.0 = Release|Any CPU
		{A411387C-7FA6-412E-BD8E-AC9AFA61B495}.Release|iPhone.ActiveCfg = Release|Any CPU
		{A411387C-7FA6-412E-BD8E-AC9AFA61B495}.Release|iPhone.Build.0 = Release|Any CPU
		{A411387C-7FA6-412E-BD8E-AC9AFA61B495}.Release|iPhoneSimulator.ActiveCfg = Release|Any CPU
		{A411387C-7FA6-412E-BD8E-AC9AFA61B495}.Release|iPhoneSimulator.Build.0 = Release|Any CPU
		{A411387C-7FA6-412E-BD8E-AC9AFA61B495}.Release|x64.ActiveCfg = Release|Any CPU
		{A411387C-7FA6-412E-BD8E-AC9AFA61B495}.Release|x64.Build.0 = Release|Any CPU
		{A411387C-7FA6-412E-BD8E-AC9AFA61B495}.Release|x86.ActiveCfg = Release|Any CPU
		{A411387C-7FA6-412E-BD8E-AC9AFA61B495}.Release|x86.Build.0 = Release|Any CPU
		{ECF91FAC-D016-4389-872A-5F923B901532}.Ad-Hoc|Any CPU.ActiveCfg = Debug|Any CPU
		{ECF91FAC-D016-4389-872A-5F923B901532}.Ad-Hoc|Any CPU.Build.0 = Debug|Any CPU
		{ECF91FAC-D016-4389-872A-5F923B901532}.Ad-Hoc|ARM.ActiveCfg = Debug|Any CPU
		{ECF91FAC-D016-4389-872A-5F923B901532}.Ad-Hoc|ARM.Build.0 = Debug|Any CPU
		{ECF91FAC-D016-4389-872A-5F923B901532}.Ad-Hoc|iPhone.ActiveCfg = Debug|Any CPU
		{ECF91FAC-D016-4389-872A-5F923B901532}.Ad-Hoc|iPhone.Build.0 = Debug|Any CPU
		{ECF91FAC-D016-4389-872A-5F923B901532}.Ad-Hoc|iPhoneSimulator.ActiveCfg = Debug|Any CPU
		{ECF91FAC-D016-4389-872A-5F923B901532}.Ad-Hoc|iPhoneSimulator.Build.0 = Debug|Any CPU
		{ECF91FAC-D016-4389-872A-5F923B901532}.Ad-Hoc|x64.ActiveCfg = Debug|Any CPU
		{ECF91FAC-D016-4389-872A-5F923B901532}.Ad-Hoc|x64.Build.0 = Debug|Any CPU
		{ECF91FAC-D016-4389-872A-5F923B901532}.Ad-Hoc|x86.ActiveCfg = Debug|Any CPU
		{ECF91FAC-D016-4389-872A-5F923B901532}.Ad-Hoc|x86.Build.0 = Debug|Any CPU
		{ECF91FAC-D016-4389-872A-5F923B901532}.AppStore|Any CPU.ActiveCfg = Debug|Any CPU
		{ECF91FAC-D016-4389-872A-5F923B901532}.AppStore|Any CPU.Build.0 = Debug|Any CPU
		{ECF91FAC-D016-4389-872A-5F923B901532}.AppStore|ARM.ActiveCfg = Debug|Any CPU
		{ECF91FAC-D016-4389-872A-5F923B901532}.AppStore|ARM.Build.0 = Debug|Any CPU
		{ECF91FAC-D016-4389-872A-5F923B901532}.AppStore|iPhone.ActiveCfg = Debug|Any CPU
		{ECF91FAC-D016-4389-872A-5F923B901532}.AppStore|iPhone.Build.0 = Debug|Any CPU
		{ECF91FAC-D016-4389-872A-5F923B901532}.AppStore|iPhoneSimulator.ActiveCfg = Debug|Any CPU
		{ECF91FAC-D016-4389-872A-5F923B901532}.AppStore|iPhoneSimulator.Build.0 = Debug|Any CPU
		{ECF91FAC-D016-4389-872A-5F923B901532}.AppStore|x64.ActiveCfg = Debug|Any CPU
		{ECF91FAC-D016-4389-872A-5F923B901532}.AppStore|x64.Build.0 = Debug|Any CPU
		{ECF91FAC-D016-4389-872A-5F923B901532}.AppStore|x86.ActiveCfg = Debug|Any CPU
		{ECF91FAC-D016-4389-872A-5F923B901532}.AppStore|x86.Build.0 = Debug|Any CPU
		{ECF91FAC-D016-4389-872A-5F923B901532}.Debug|Any CPU.ActiveCfg = Debug|Any CPU
		{ECF91FAC-D016-4389-872A-5F923B901532}.Debug|Any CPU.Build.0 = Debug|Any CPU
		{ECF91FAC-D016-4389-872A-5F923B901532}.Debug|ARM.ActiveCfg = Debug|Any CPU
		{ECF91FAC-D016-4389-872A-5F923B901532}.Debug|ARM.Build.0 = Debug|Any CPU
		{ECF91FAC-D016-4389-872A-5F923B901532}.Debug|iPhone.ActiveCfg = Debug|Any CPU
		{ECF91FAC-D016-4389-872A-5F923B901532}.Debug|iPhone.Build.0 = Debug|Any CPU
		{ECF91FAC-D016-4389-872A-5F923B901532}.Debug|iPhoneSimulator.ActiveCfg = Debug|Any CPU
		{ECF91FAC-D016-4389-872A-5F923B901532}.Debug|iPhoneSimulator.Build.0 = Debug|Any CPU
		{ECF91FAC-D016-4389-872A-5F923B901532}.Debug|x64.ActiveCfg = Debug|Any CPU
		{ECF91FAC-D016-4389-872A-5F923B901532}.Debug|x64.Build.0 = Debug|Any CPU
		{ECF91FAC-D016-4389-872A-5F923B901532}.Debug|x86.ActiveCfg = Debug|Any CPU
		{ECF91FAC-D016-4389-872A-5F923B901532}.Debug|x86.Build.0 = Debug|Any CPU
		{ECF91FAC-D016-4389-872A-5F923B901532}.Release|Any CPU.ActiveCfg = Release|Any CPU
		{ECF91FAC-D016-4389-872A-5F923B901532}.Release|Any CPU.Build.0 = Release|Any CPU
		{ECF91FAC-D016-4389-872A-5F923B901532}.Release|ARM.ActiveCfg = Release|Any CPU
		{ECF91FAC-D016-4389-872A-5F923B901532}.Release|ARM.Build.0 = Release|Any CPU
		{ECF91FAC-D016-4389-872A-5F923B901532}.Release|iPhone.ActiveCfg = Release|Any CPU
		{ECF91FAC-D016-4389-872A-5F923B901532}.Release|iPhone.Build.0 = Release|Any CPU
		{ECF91FAC-D016-4389-872A-5F923B901532}.Release|iPhoneSimulator.ActiveCfg = Release|Any CPU
		{ECF91FAC-D016-4389-872A-5F923B901532}.Release|iPhoneSimulator.Build.0 = Release|Any CPU
		{ECF91FAC-D016-4389-872A-5F923B901532}.Release|x64.ActiveCfg = Release|Any CPU
		{ECF91FAC-D016-4389-872A-5F923B901532}.Release|x64.Build.0 = Release|Any CPU
		{ECF91FAC-D016-4389-872A-5F923B901532}.Release|x86.ActiveCfg = Release|Any CPU
		{ECF91FAC-D016-4389-872A-5F923B901532}.Release|x86.Build.0 = Release|Any CPU
		{4E7225B2-160C-4CCA-BED4-D7D33CD1C8F3}.Ad-Hoc|Any CPU.ActiveCfg = Debug|Any CPU
		{4E7225B2-160C-4CCA-BED4-D7D33CD1C8F3}.Ad-Hoc|Any CPU.Build.0 = Debug|Any CPU
		{4E7225B2-160C-4CCA-BED4-D7D33CD1C8F3}.Ad-Hoc|ARM.ActiveCfg = Debug|Any CPU
		{4E7225B2-160C-4CCA-BED4-D7D33CD1C8F3}.Ad-Hoc|ARM.Build.0 = Debug|Any CPU
		{4E7225B2-160C-4CCA-BED4-D7D33CD1C8F3}.Ad-Hoc|iPhone.ActiveCfg = Debug|Any CPU
		{4E7225B2-160C-4CCA-BED4-D7D33CD1C8F3}.Ad-Hoc|iPhone.Build.0 = Debug|Any CPU
		{4E7225B2-160C-4CCA-BED4-D7D33CD1C8F3}.Ad-Hoc|iPhoneSimulator.ActiveCfg = Debug|Any CPU
		{4E7225B2-160C-4CCA-BED4-D7D33CD1C8F3}.Ad-Hoc|iPhoneSimulator.Build.0 = Debug|Any CPU
		{4E7225B2-160C-4CCA-BED4-D7D33CD1C8F3}.Ad-Hoc|x64.ActiveCfg = Debug|Any CPU
		{4E7225B2-160C-4CCA-BED4-D7D33CD1C8F3}.Ad-Hoc|x64.Build.0 = Debug|Any CPU
		{4E7225B2-160C-4CCA-BED4-D7D33CD1C8F3}.Ad-Hoc|x86.ActiveCfg = Debug|Any CPU
		{4E7225B2-160C-4CCA-BED4-D7D33CD1C8F3}.Ad-Hoc|x86.Build.0 = Debug|Any CPU
		{4E7225B2-160C-4CCA-BED4-D7D33CD1C8F3}.AppStore|Any CPU.ActiveCfg = Debug|Any CPU
		{4E7225B2-160C-4CCA-BED4-D7D33CD1C8F3}.AppStore|Any CPU.Build.0 = Debug|Any CPU
		{4E7225B2-160C-4CCA-BED4-D7D33CD1C8F3}.AppStore|ARM.ActiveCfg = Debug|Any CPU
		{4E7225B2-160C-4CCA-BED4-D7D33CD1C8F3}.AppStore|ARM.Build.0 = Debug|Any CPU
		{4E7225B2-160C-4CCA-BED4-D7D33CD1C8F3}.AppStore|iPhone.ActiveCfg = Debug|Any CPU
		{4E7225B2-160C-4CCA-BED4-D7D33CD1C8F3}.AppStore|iPhone.Build.0 = Debug|Any CPU
		{4E7225B2-160C-4CCA-BED4-D7D33CD1C8F3}.AppStore|iPhoneSimulator.ActiveCfg = Debug|Any CPU
		{4E7225B2-160C-4CCA-BED4-D7D33CD1C8F3}.AppStore|iPhoneSimulator.Build.0 = Debug|Any CPU
		{4E7225B2-160C-4CCA-BED4-D7D33CD1C8F3}.AppStore|x64.ActiveCfg = Debug|Any CPU
		{4E7225B2-160C-4CCA-BED4-D7D33CD1C8F3}.AppStore|x64.Build.0 = Debug|Any CPU
		{4E7225B2-160C-4CCA-BED4-D7D33CD1C8F3}.AppStore|x86.ActiveCfg = Debug|Any CPU
		{4E7225B2-160C-4CCA-BED4-D7D33CD1C8F3}.AppStore|x86.Build.0 = Debug|Any CPU
		{4E7225B2-160C-4CCA-BED4-D7D33CD1C8F3}.Debug|Any CPU.ActiveCfg = Debug|Any CPU
		{4E7225B2-160C-4CCA-BED4-D7D33CD1C8F3}.Debug|Any CPU.Build.0 = Debug|Any CPU
		{4E7225B2-160C-4CCA-BED4-D7D33CD1C8F3}.Debug|ARM.ActiveCfg = Debug|Any CPU
		{4E7225B2-160C-4CCA-BED4-D7D33CD1C8F3}.Debug|ARM.Build.0 = Debug|Any CPU
		{4E7225B2-160C-4CCA-BED4-D7D33CD1C8F3}.Debug|iPhone.ActiveCfg = Debug|Any CPU
		{4E7225B2-160C-4CCA-BED4-D7D33CD1C8F3}.Debug|iPhone.Build.0 = Debug|Any CPU
		{4E7225B2-160C-4CCA-BED4-D7D33CD1C8F3}.Debug|iPhoneSimulator.ActiveCfg = Debug|Any CPU
		{4E7225B2-160C-4CCA-BED4-D7D33CD1C8F3}.Debug|iPhoneSimulator.Build.0 = Debug|Any CPU
		{4E7225B2-160C-4CCA-BED4-D7D33CD1C8F3}.Debug|x64.ActiveCfg = Debug|Any CPU
		{4E7225B2-160C-4CCA-BED4-D7D33CD1C8F3}.Debug|x64.Build.0 = Debug|Any CPU
		{4E7225B2-160C-4CCA-BED4-D7D33CD1C8F3}.Debug|x86.ActiveCfg = Debug|Any CPU
		{4E7225B2-160C-4CCA-BED4-D7D33CD1C8F3}.Debug|x86.Build.0 = Debug|Any CPU
		{4E7225B2-160C-4CCA-BED4-D7D33CD1C8F3}.Release|Any CPU.ActiveCfg = Release|Any CPU
		{4E7225B2-160C-4CCA-BED4-D7D33CD1C8F3}.Release|Any CPU.Build.0 = Release|Any CPU
		{4E7225B2-160C-4CCA-BED4-D7D33CD1C8F3}.Release|ARM.ActiveCfg = Release|Any CPU
		{4E7225B2-160C-4CCA-BED4-D7D33CD1C8F3}.Release|ARM.Build.0 = Release|Any CPU
		{4E7225B2-160C-4CCA-BED4-D7D33CD1C8F3}.Release|iPhone.ActiveCfg = Release|Any CPU
		{4E7225B2-160C-4CCA-BED4-D7D33CD1C8F3}.Release|iPhone.Build.0 = Release|Any CPU
		{4E7225B2-160C-4CCA-BED4-D7D33CD1C8F3}.Release|iPhoneSimulator.ActiveCfg = Release|Any CPU
		{4E7225B2-160C-4CCA-BED4-D7D33CD1C8F3}.Release|iPhoneSimulator.Build.0 = Release|Any CPU
		{4E7225B2-160C-4CCA-BED4-D7D33CD1C8F3}.Release|x64.ActiveCfg = Release|Any CPU
		{4E7225B2-160C-4CCA-BED4-D7D33CD1C8F3}.Release|x64.Build.0 = Release|Any CPU
		{4E7225B2-160C-4CCA-BED4-D7D33CD1C8F3}.Release|x86.ActiveCfg = Release|Any CPU
		{4E7225B2-160C-4CCA-BED4-D7D33CD1C8F3}.Release|x86.Build.0 = Release|Any CPU
		{DA7C8271-113A-41AB-9BBF-2313012F3AE0}.Ad-Hoc|Any CPU.ActiveCfg = Debug|Any CPU
		{DA7C8271-113A-41AB-9BBF-2313012F3AE0}.Ad-Hoc|Any CPU.Build.0 = Debug|Any CPU
		{DA7C8271-113A-41AB-9BBF-2313012F3AE0}.Ad-Hoc|ARM.ActiveCfg = Debug|Any CPU
		{DA7C8271-113A-41AB-9BBF-2313012F3AE0}.Ad-Hoc|ARM.Build.0 = Debug|Any CPU
		{DA7C8271-113A-41AB-9BBF-2313012F3AE0}.Ad-Hoc|iPhone.ActiveCfg = Debug|Any CPU
		{DA7C8271-113A-41AB-9BBF-2313012F3AE0}.Ad-Hoc|iPhone.Build.0 = Debug|Any CPU
		{DA7C8271-113A-41AB-9BBF-2313012F3AE0}.Ad-Hoc|iPhoneSimulator.ActiveCfg = Debug|Any CPU
		{DA7C8271-113A-41AB-9BBF-2313012F3AE0}.Ad-Hoc|iPhoneSimulator.Build.0 = Debug|Any CPU
		{DA7C8271-113A-41AB-9BBF-2313012F3AE0}.Ad-Hoc|x64.ActiveCfg = Debug|Any CPU
		{DA7C8271-113A-41AB-9BBF-2313012F3AE0}.Ad-Hoc|x64.Build.0 = Debug|Any CPU
		{DA7C8271-113A-41AB-9BBF-2313012F3AE0}.Ad-Hoc|x86.ActiveCfg = Debug|Any CPU
		{DA7C8271-113A-41AB-9BBF-2313012F3AE0}.Ad-Hoc|x86.Build.0 = Debug|Any CPU
		{DA7C8271-113A-41AB-9BBF-2313012F3AE0}.AppStore|Any CPU.ActiveCfg = Debug|Any CPU
		{DA7C8271-113A-41AB-9BBF-2313012F3AE0}.AppStore|Any CPU.Build.0 = Debug|Any CPU
		{DA7C8271-113A-41AB-9BBF-2313012F3AE0}.AppStore|ARM.ActiveCfg = Debug|Any CPU
		{DA7C8271-113A-41AB-9BBF-2313012F3AE0}.AppStore|ARM.Build.0 = Debug|Any CPU
		{DA7C8271-113A-41AB-9BBF-2313012F3AE0}.AppStore|iPhone.ActiveCfg = Debug|Any CPU
		{DA7C8271-113A-41AB-9BBF-2313012F3AE0}.AppStore|iPhone.Build.0 = Debug|Any CPU
		{DA7C8271-113A-41AB-9BBF-2313012F3AE0}.AppStore|iPhoneSimulator.ActiveCfg = Debug|Any CPU
		{DA7C8271-113A-41AB-9BBF-2313012F3AE0}.AppStore|iPhoneSimulator.Build.0 = Debug|Any CPU
		{DA7C8271-113A-41AB-9BBF-2313012F3AE0}.AppStore|x64.ActiveCfg = Debug|Any CPU
		{DA7C8271-113A-41AB-9BBF-2313012F3AE0}.AppStore|x64.Build.0 = Debug|Any CPU
		{DA7C8271-113A-41AB-9BBF-2313012F3AE0}.AppStore|x86.ActiveCfg = Debug|Any CPU
		{DA7C8271-113A-41AB-9BBF-2313012F3AE0}.AppStore|x86.Build.0 = Debug|Any CPU
		{DA7C8271-113A-41AB-9BBF-2313012F3AE0}.Debug|Any CPU.ActiveCfg = Debug|Any CPU
		{DA7C8271-113A-41AB-9BBF-2313012F3AE0}.Debug|Any CPU.Build.0 = Debug|Any CPU
		{DA7C8271-113A-41AB-9BBF-2313012F3AE0}.Debug|ARM.ActiveCfg = Debug|Any CPU
		{DA7C8271-113A-41AB-9BBF-2313012F3AE0}.Debug|ARM.Build.0 = Debug|Any CPU
		{DA7C8271-113A-41AB-9BBF-2313012F3AE0}.Debug|iPhone.ActiveCfg = Debug|Any CPU
		{DA7C8271-113A-41AB-9BBF-2313012F3AE0}.Debug|iPhone.Build.0 = Debug|Any CPU
		{DA7C8271-113A-41AB-9BBF-2313012F3AE0}.Debug|iPhoneSimulator.ActiveCfg = Debug|Any CPU
		{DA7C8271-113A-41AB-9BBF-2313012F3AE0}.Debug|iPhoneSimulator.Build.0 = Debug|Any CPU
		{DA7C8271-113A-41AB-9BBF-2313012F3AE0}.Debug|x64.ActiveCfg = Debug|Any CPU
		{DA7C8271-113A-41AB-9BBF-2313012F3AE0}.Debug|x64.Build.0 = Debug|Any CPU
		{DA7C8271-113A-41AB-9BBF-2313012F3AE0}.Debug|x86.ActiveCfg = Debug|Any CPU
		{DA7C8271-113A-41AB-9BBF-2313012F3AE0}.Debug|x86.Build.0 = Debug|Any CPU
		{DA7C8271-113A-41AB-9BBF-2313012F3AE0}.Release|Any CPU.ActiveCfg = Release|Any CPU
		{DA7C8271-113A-41AB-9BBF-2313012F3AE0}.Release|Any CPU.Build.0 = Release|Any CPU
		{DA7C8271-113A-41AB-9BBF-2313012F3AE0}.Release|ARM.ActiveCfg = Release|Any CPU
		{DA7C8271-113A-41AB-9BBF-2313012F3AE0}.Release|ARM.Build.0 = Release|Any CPU
		{DA7C8271-113A-41AB-9BBF-2313012F3AE0}.Release|iPhone.ActiveCfg = Release|Any CPU
		{DA7C8271-113A-41AB-9BBF-2313012F3AE0}.Release|iPhone.Build.0 = Release|Any CPU
		{DA7C8271-113A-41AB-9BBF-2313012F3AE0}.Release|iPhoneSimulator.ActiveCfg = Release|Any CPU
		{DA7C8271-113A-41AB-9BBF-2313012F3AE0}.Release|iPhoneSimulator.Build.0 = Release|Any CPU
		{DA7C8271-113A-41AB-9BBF-2313012F3AE0}.Release|x64.ActiveCfg = Release|Any CPU
		{DA7C8271-113A-41AB-9BBF-2313012F3AE0}.Release|x64.Build.0 = Release|Any CPU
		{DA7C8271-113A-41AB-9BBF-2313012F3AE0}.Release|x86.ActiveCfg = Release|Any CPU
		{DA7C8271-113A-41AB-9BBF-2313012F3AE0}.Release|x86.Build.0 = Release|Any CPU
	EndGlobalSection
	GlobalSection(SolutionProperties) = preSolution
		HideSolutionNode = FALSE
	EndGlobalSection
	GlobalSection(NestedProjects) = preSolution
		{A940CC84-5CA2-4F8A-BD46-FE5ADE03502B} = {629D684D-CC1F-436A-A1D3-BD70AD19A91B}
		{24F8934A-F440-4CD7-853D-94F5E4D144CD} = {629D684D-CC1F-436A-A1D3-BD70AD19A91B}
		{4307E3B4-5841-43CA-828A-25FE05B4A37C} = {5AE33BE5-9653-4216-BAB7-C848EEB065D3}
		{866F391C-90DF-4E61-9945-56E660C276CE} = {629D684D-CC1F-436A-A1D3-BD70AD19A91B}
		{075CF78D-124E-4738-BDD8-6BC727BF74A1} = {629D684D-CC1F-436A-A1D3-BD70AD19A91B}
		{FD501A21-0C28-4A87-A5AA-675155F7EB67} = {6F7539B3-37DF-4D83-93B0-F1581F06E368}
		{A7B2C5D4-C39D-4861-88A8-DD9D6AF3CA13} = {179904DE-3476-4083-84BE-CC12C52B0928}
		{CC2D61C7-FFBE-4FBB-BC0F-320DF1392073} = {179904DE-3476-4083-84BE-CC12C52B0928}
		{A411387C-7FA6-412E-BD8E-AC9AFA61B495} = {5AE33BE5-9653-4216-BAB7-C848EEB065D3}
		{ECF91FAC-D016-4389-872A-5F923B901532} = {629D684D-CC1F-436A-A1D3-BD70AD19A91B}
		{4E7225B2-160C-4CCA-BED4-D7D33CD1C8F3} = {075CF78D-124E-4738-BDD8-6BC727BF74A1}
		{DA7C8271-113A-41AB-9BBF-2313012F3AE0} = {179904DE-3476-4083-84BE-CC12C52B0928}
	EndGlobalSection
	GlobalSection(ExtensibilityGlobals) = postSolution
		SolutionGuid = {FD5F1F4C-65FC-42D1-8EAA-AD136BE44E12}
	EndGlobalSection
EndGlobal
